
Microsoft Visual Studio Solution File, Format Version 12.00
# Visual Studio Version 17
VisualStudioVersion = 17.8.34525.116
MinimumVisualStudioVersion = 10.0.40219.1
Project("{FAE04EC0-301F-11D3-BF4B-00C04F79EFBC}") = "PanchangLib", "PanchangLib\PanchangLib.csproj", "{0EAA9FB0-A773-43CC-91A3-5D90125D9377}"
EndProject
Project("{FAE04EC0-301F-11D3-BF4B-00C04F79EFBC}") = "Panchang", "Panchang\Panchang.csproj", "{C88D761E-10B2-4E19-A330-E17B71AD8449}"
EndProject
Project("{2150E333-8FDC-42A3-9474-1A3956D46DE8}") = "Solution Items", "Solution Items", "{B0B76F4F-A6BD-4A17-877F-89D7E38956C6}"
	ProjectSection(SolutionItems) = preProject
		README.md = README.md
	EndProjectSection
EndProject
Project("{FAE04EC0-301F-11D3-BF4B-00C04F79EFBC}") = "PanchangTest", "PanchangTest\PanchangTest.csproj", "{562EAAEE-D41D-45E3-9928-31D50437186D}"
EndProject
Project("{FAE04EC0-301F-11D3-BF4B-00C04F79EFBC}") = "PanchangTestConsole", "PanchangTestConsole\PanchangTestConsole.csproj", "{D750E115-E536-4160-B4DF-985409E00535}"
EndProject
Global
	GlobalSection(SolutionConfigurationPlatforms) = preSolution
		Debug|Any CPU = Debug|Any CPU
		Debug|x86 = Debug|x86
		Release|Any CPU = Release|Any CPU
		Release|x86 = Release|x86
	EndGlobalSection
	GlobalSection(ProjectConfigurationPlatforms) = postSolution
		{0EAA9FB0-A773-43CC-91A3-5D90125D9377}.Debug|Any CPU.ActiveCfg = Debug|Any CPU
		{0EAA9FB0-A773-43CC-91A3-5D90125D9377}.Debug|Any CPU.Build.0 = Debug|Any CPU
		{0EAA9FB0-A773-43CC-91A3-5D90125D9377}.Debug|x86.ActiveCfg = Debug|Any CPU
		{0EAA9FB0-A773-43CC-91A3-5D90125D9377}.Debug|x86.Build.0 = Debug|Any CPU
		{0EAA9FB0-A773-43CC-91A3-5D90125D9377}.Release|Any CPU.ActiveCfg = Release|Any CPU
		{0EAA9FB0-A773-43CC-91A3-5D90125D9377}.Release|Any CPU.Build.0 = Release|Any CPU
		{0EAA9FB0-A773-43CC-91A3-5D90125D9377}.Release|x86.ActiveCfg = Release|Any CPU
		{0EAA9FB0-A773-43CC-91A3-5D90125D9377}.Release|x86.Build.0 = Release|Any CPU
		{C88D761E-10B2-4E19-A330-E17B71AD8449}.Debug|Any CPU.ActiveCfg = Debug|Any CPU
		{C88D761E-10B2-4E19-A330-E17B71AD8449}.Debug|Any CPU.Build.0 = Debug|Any CPU
		{C88D761E-10B2-4E19-A330-E17B71AD8449}.Debug|x86.ActiveCfg = Debug|x86
		{C88D761E-10B2-4E19-A330-E17B71AD8449}.Debug|x86.Build.0 = Debug|x86
		{C88D761E-10B2-4E19-A330-E17B71AD8449}.Release|Any CPU.ActiveCfg = Release|Any CPU
		{C88D761E-10B2-4E19-A330-E17B71AD8449}.Release|Any CPU.Build.0 = Release|Any CPU
		{C88D761E-10B2-4E19-A330-E17B71AD8449}.Release|x86.ActiveCfg = Release|x86
		{C88D761E-10B2-4E19-A330-E17B71AD8449}.Release|x86.Build.0 = Release|x86
		{562EAAEE-D41D-45E3-9928-31D50437186D}.Debug|Any CPU.ActiveCfg = Debug|Any CPU
		{562EAAEE-D41D-45E3-9928-31D50437186D}.Debug|Any CPU.Build.0 = Debug|Any CPU
		{562EAAEE-D41D-45E3-9928-31D50437186D}.Debug|x86.ActiveCfg = Debug|Any CPU
		{562EAAEE-D41D-45E3-9928-31D50437186D}.Debug|x86.Build.0 = Debug|Any CPU
		{562EAAEE-D41D-45E3-9928-31D50437186D}.Release|Any CPU.ActiveCfg = Release|Any CPU
		{562EAAEE-D41D-45E3-9928-31D50437186D}.Release|Any CPU.Build.0 = Release|Any CPU
		{562EAAEE-D41D-45E3-9928-31D50437186D}.Release|x86.ActiveCfg = Release|Any CPU
		{562EAAEE-D41D-45E3-9928-31D50437186D}.Release|x86.Build.0 = Release|Any CPU
		{D750E115-E536-4160-B4DF-985409E00535}.Debug|Any CPU.ActiveCfg = Debug|Any CPU
		{D750E115-E536-4160-B4DF-985409E00535}.Debug|Any CPU.Build.0 = Debug|Any CPU
		{D750E115-E536-4160-B4DF-985409E00535}.Debug|x86.ActiveCfg = Debug|Any CPU
		{D750E115-E536-4160-B4DF-985409E00535}.Debug|x86.Build.0 = Debug|Any CPU
		{D750E115-E536-4160-B4DF-985409E00535}.Release|Any CPU.ActiveCfg = Release|Any CPU
		{D750E115-E536-4160-B4DF-985409E00535}.Release|Any CPU.Build.0 = Release|Any CPU
		{D750E115-E536-4160-B4DF-985409E00535}.Release|x86.ActiveCfg = Release|Any CPU
		{D750E115-E536-4160-B4DF-985409E00535}.Release|x86.Build.0 = Release|Any CPU
	EndGlobalSection
	GlobalSection(SolutionProperties) = preSolution
		HideSolutionNode = FALSE
	EndGlobalSection
	GlobalSection(ExtensibilityGlobals) = postSolution
		SolutionGuid = {0980C425-12A6-4A3E-ABE7-FB3D351E08C9}
	EndGlobalSection
EndGlobal
